// !$*UTF8*$!
{
	archiveVersion = 1;
	classes = {
	};
	objectVersion = 56;
	objects = {

/* Begin PBXBuildFile section */
		BF5823FD29FF18B600D5CD05 /* Ink_SimulationApp.swift in Sources */ = {isa = PBXBuildFile; fileRef = BF5823FC29FF18B600D5CD05 /* Ink_SimulationApp.swift */; };
		BF5823FF29FF18B600D5CD05 /* ContentView.swift in Sources */ = {isa = PBXBuildFile; fileRef = BF5823FE29FF18B600D5CD05 /* ContentView.swift */; };
		BF58240129FF18B700D5CD05 /* Assets.xcassets in Resources */ = {isa = PBXBuildFile; fileRef = BF58240029FF18B700D5CD05 /* Assets.xcassets */; };
		BF58240429FF18B700D5CD05 /* Preview Assets.xcassets in Resources */ = {isa = PBXBuildFile; fileRef = BF58240329FF18B700D5CD05 /* Preview Assets.xcassets */; };
		BF58240C29FF1A8500D5CD05 /* Renderer.swift in Sources */ = {isa = PBXBuildFile; fileRef = BF58240B29FF1A8500D5CD05 /* Renderer.swift */; };
		BF58240E29FF205700D5CD05 /* Shaders.metal in Sources */ = {isa = PBXBuildFile; fileRef = BF58240D29FF205700D5CD05 /* Shaders.metal */; };
		BF58241129FF308600D5CD05 /* System.swift in Sources */ = {isa = PBXBuildFile; fileRef = BF58241029FF308600D5CD05 /* System.swift */; };
		BF58241329FF313000D5CD05 /* Camera.swift in Sources */ = {isa = PBXBuildFile; fileRef = BF58241229FF313000D5CD05 /* Camera.swift */; };
		BF58241529FF347900D5CD05 /* Transformations.swift in Sources */ = {isa = PBXBuildFile; fileRef = BF58241429FF347900D5CD05 /* Transformations.swift */; };
/* End PBXBuildFile section */

/* Begin PBXFileReference section */
		BF5823F929FF18B600D5CD05 /* Ink_Simulation.app */ = {isa = PBXFileReference; explicitFileType = wrapper.application; includeInIndex = 0; path = Ink_Simulation.app; sourceTree = BUILT_PRODUCTS_DIR; };
		BF5823FC29FF18B600D5CD05 /* Ink_SimulationApp.swift */ = {isa = PBXFileReference; lastKnownFileType = sourcecode.swift; path = Ink_SimulationApp.swift; sourceTree = "<group>"; };
		BF5823FE29FF18B600D5CD05 /* ContentView.swift */ = {isa = PBXFileReference; lastKnownFileType = sourcecode.swift; path = ContentView.swift; sourceTree = "<group>"; };
		BF58240029FF18B700D5CD05 /* Assets.xcassets */ = {isa = PBXFileReference; lastKnownFileType = folder.assetcatalog; path = Assets.xcassets; sourceTree = "<group>"; };
		BF58240329FF18B700D5CD05 /* Preview Assets.xcassets */ = {isa = PBXFileReference; lastKnownFileType = folder.assetcatalog; path = "Preview Assets.xcassets"; sourceTree = "<group>"; };
		BF58240529FF18B700D5CD05 /* Ink_Simulation.entitlements */ = {isa = PBXFileReference; lastKnownFileType = text.plist.entitlements; path = Ink_Simulation.entitlements; sourceTree = "<group>"; };
		BF58240B29FF1A8500D5CD05 /* Renderer.swift */ = {isa = PBXFileReference; lastKnownFileType = sourcecode.swift; path = Renderer.swift; sourceTree = "<group>"; };
		BF58240D29FF205700D5CD05 /* Shaders.metal */ = {isa = PBXFileReference; lastKnownFileType = sourcecode.metal; path = Shaders.metal; sourceTree = "<group>"; };
		BF58241029FF308600D5CD05 /* System.swift */ = {isa = PBXFileReference; lastKnownFileType = sourcecode.swift; path = System.swift; sourceTree = "<group>"; };
		BF58241229FF313000D5CD05 /* Camera.swift */ = {isa = PBXFileReference; lastKnownFileType = sourcecode.swift; path = Camera.swift; sourceTree = "<group>"; };
		BF58241429FF347900D5CD05 /* Transformations.swift */ = {isa = PBXFileReference; lastKnownFileType = sourcecode.swift; path = Transformations.swift; sourceTree = "<group>"; };
		BF58241829FF485300D5CD05 /* Types.h */ = {isa = PBXFileReference; lastKnownFileType = sourcecode.c.h; path = Types.h; sourceTree = "<group>"; };
/* End PBXFileReference section */

/* Begin PBXFrameworksBuildPhase section */
		BF5823F629FF18B600D5CD05 /* Frameworks */ = {
			isa = PBXFrameworksBuildPhase;
			buildActionMask = 2147483647;
			files = (
			);
			runOnlyForDeploymentPostprocessing = 0;
		};
/* End PBXFrameworksBuildPhase section */

/* Begin PBXGroup section */
		BF5823F029FF18B600D5CD05 = {
			isa = PBXGroup;
			children = (
				BF5823FB29FF18B600D5CD05 /* Ink_Simulation */,
				BF5823FA29FF18B600D5CD05 /* Products */,
			);
			sourceTree = "<group>";
		};
		BF5823FA29FF18B600D5CD05 /* Products */ = {
			isa = PBXGroup;
			children = (
				BF5823F929FF18B600D5CD05 /* Ink_Simulation.app */,
			);
			name = Products;
			sourceTree = "<group>";
		};
		BF5823FB29FF18B600D5CD05 /* Ink_Simulation */ = {
			isa = PBXGroup;
			children = (
				BF5823FC29FF18B600D5CD05 /* Ink_SimulationApp.swift */,
				BF58241829FF485300D5CD05 /* Types.h */,
				BF5823FE29FF18B600D5CD05 /* ContentView.swift */,
				BF58241229FF313000D5CD05 /* Camera.swift */,
				BF58241029FF308600D5CD05 /* System.swift */,
				BF58241429FF347900D5CD05 /* Transformations.swift */,
				BF58240B29FF1A8500D5CD05 /* Renderer.swift */,
				BF58240D29FF205700D5CD05 /* Shaders.metal */,
				BF58240029FF18B700D5CD05 /* Assets.xcassets */,
				BF58240529FF18B700D5CD05 /* Ink_Simulation.entitlements */,
				BF58240229FF18B700D5CD05 /* Preview Content */,
			);
			path = Ink_Simulation;
			sourceTree = "<group>";
		};
		BF58240229FF18B700D5CD05 /* Preview Content */ = {
			isa = PBXGroup;
			children = (
				BF58240329FF18B700D5CD05 /* Preview Assets.xcassets */,
			);
			path = "Preview Content";
			sourceTree = "<group>";
		};
/* End PBXGroup section */

/* Begin PBXNativeTarget section */
		BF5823F829FF18B600D5CD05 /* Ink_Simulation */ = {
			isa = PBXNativeTarget;
			buildConfigurationList = BF58240829FF18B700D5CD05 /* Build configuration list for PBXNativeTarget "Ink_Simulation" */;
			buildPhases = (
				BF5823F529FF18B600D5CD05 /* Sources */,
				BF5823F629FF18B600D5CD05 /* Frameworks */,
				BF5823F729FF18B600D5CD05 /* Resources */,
			);
			buildRules = (
			);
			dependencies = (
			);
			name = Ink_Simulation;
			productName = Ink_Simulation;
			productReference = BF5823F929FF18B600D5CD05 /* Ink_Simulation.app */;
			productType = "com.apple.product-type.application";
		};
/* End PBXNativeTarget section */

/* Begin PBXProject section */
		BF5823F129FF18B600D5CD05 /* Project object */ = {
			isa = PBXProject;
			attributes = {
				BuildIndependentTargetsInParallel = 1;
				LastSwiftUpdateCheck = 1410;
				LastUpgradeCheck = 1410;
				TargetAttributes = {
					BF5823F829FF18B600D5CD05 = {
						CreatedOnToolsVersion = 14.1;
					};
				};
			};
			buildConfigurationList = BF5823F429FF18B600D5CD05 /* Build configuration list for PBXProject "Ink_Simulation" */;
			compatibilityVersion = "Xcode 14.0";
			developmentRegion = en;
			hasScannedForEncodings = 0;
			knownRegions = (
				en,
				Base,
			);
			mainGroup = BF5823F029FF18B600D5CD05;
			productRefGroup = BF5823FA29FF18B600D5CD05 /* Products */;
			projectDirPath = "";
			projectRoot = "";
			targets = (
				BF5823F829FF18B600D5CD05 /* Ink_Simulation */,
			);
		};
/* End PBXProject section */

/* Begin PBXResourcesBuildPhase section */
		BF5823F729FF18B600D5CD05 /* Resources */ = {
			isa = PBXResourcesBuildPhase;
			buildActionMask = 2147483647;
			files = (
				BF58240429FF18B700D5CD05 /* Preview Assets.xcassets in Resources */,
				BF58240129FF18B700D5CD05 /* Assets.xcassets in Resources */,
			);
			runOnlyForDeploymentPostprocessing = 0;
		};
/* End PBXResourcesBuildPhase section */

/* Begin PBXSourcesBuildPhase section */
		BF5823F529FF18B600D5CD05 /* Sources */ = {
			isa = PBXSourcesBuildPhase;
			buildActionMask = 2147483647;
			files = (
				BF58241129FF308600D5CD05 /* System.swift in Sources */,
				BF58240E29FF205700D5CD05 /* Shaders.metal in Sources */,
				BF58241329FF313000D5CD05 /* Camera.swift in Sources */,
				BF5823FF29FF18B600D5CD05 /* ContentView.swift in Sources */,
				BF58240C29FF1A8500D5CD05 /* Renderer.swift in Sources */,
				BF58241529FF347900D5CD05 /* Transformations.swift in Sources */,
				BF5823FD29FF18B600D5CD05 /* Ink_SimulationApp.swift in Sources */,
			);
			runOnlyForDeploymentPostprocessing = 0;
		};
/* End PBXSourcesBuildPhase section */

/* Begin XCBuildConfiguration section */
		BF58240629FF18B700D5CD05 /* Debug */ = {
			isa = XCBuildConfiguration;
			buildSettings = {
				ALWAYS_SEARCH_USER_PATHS = NO;
				CLANG_ANALYZER_NONNULL = YES;
				CLANG_ANALYZER_NUMBER_OBJECT_CONVERSION = YES_AGGRESSIVE;
				CLANG_CXX_LANGUAGE_STANDARD = "gnu++20";
				CLANG_ENABLE_MODULES = YES;
				CLANG_ENABLE_OBJC_ARC = YES;
				CLANG_ENABLE_OBJC_WEAK = YES;
				CLANG_WARN_BLOCK_CAPTURE_AUTORELEASING = YES;
				CLANG_WARN_BOOL_CONVERSION = YES;
				CLANG_WARN_COMMA = YES;
				CLANG_WARN_CONSTANT_CONVERSION = YES;
				CLANG_WARN_DEPRECATED_OBJC_IMPLEMENTATIONS = YES;
				CLANG_WARN_DIRECT_OBJC_ISA_USAGE = YES_ERROR;
				CLANG_WARN_DOCUMENTATION_COMMENTS = YES;
				CLANG_WARN_EMPTY_BODY = YES;
				CLANG_WARN_ENUM_CONVERSION = YES;
				CLANG_WARN_INFINITE_RECURSION = YES;
				CLANG_WARN_INT_CONVERSION = YES;
				CLANG_WARN_NON_LITERAL_NULL_CONVERSION = YES;
				CLANG_WARN_OBJC_IMPLICIT_RETAIN_SELF = YES;
				CLANG_WARN_OBJC_LITERAL_CONVERSION = YES;
				CLANG_WARN_OBJC_ROOT_CLASS = YES_ERROR;
				CLANG_WARN_QUOTED_INCLUDE_IN_FRAMEWORK_HEADER = YES;
				CLANG_WARN_RANGE_LOOP_ANALYSIS = YES;
				CLANG_WARN_STRICT_PROTOTYPES = YES;
				CLANG_WARN_SUSPICIOUS_MOVE = YES;
				CLANG_WARN_UNGUARDED_AVAILABILITY = YES_AGGRESSIVE;
				CLANG_WARN_UNREACHABLE_CODE = YES;
				CLANG_WARN__DUPLICATE_METHOD_MATCH = YES;
				COPY_PHASE_STRIP = NO;
				DEBUG_INFORMATION_FORMAT = dwarf;
				ENABLE_STRICT_OBJC_MSGSEND = YES;
				ENABLE_TESTABILITY = YES;
				GCC_C_LANGUAGE_STANDARD = gnu11;
				GCC_DYNAMIC_NO_PIC = NO;
				GCC_NO_COMMON_BLOCKS = YES;
				GCC_OPTIMIZATION_LEVEL = 0;
				GCC_PREPROCESSOR_DEFINITIONS = (
					"DEBUG=1",
					"$(inherited)",
				);
				GCC_WARN_64_TO_32_BIT_CONVERSION = YES;
				GCC_WARN_ABOUT_RETURN_TYPE = YES_ERROR;
				GCC_WARN_UNDECLARED_SELECTOR = YES;
				GCC_WARN_UNINITIALIZED_AUTOS = YES_AGGRESSIVE;
				GCC_WARN_UNUSED_FUNCTION = YES;
				GCC_WARN_UNUSED_VARIABLE = YES;
				MACOSX_DEPLOYMENT_TARGET = 13.0;
				MTL_ENABLE_DEBUG_INFO = INCLUDE_SOURCE;
				MTL_FAST_MATH = YES;
				ONLY_ACTIVE_ARCH = YES;
				SDKROOT = macosx;
				SWIFT_ACTIVE_COMPILATION_CONDITIONS = DEBUG;
				SWIFT_OPTIMIZATION_LEVEL = "-Onone";
			};
			name = Debug;
		};
		BF58240729FF18B700D5CD05 /* Release */ = {
			isa = XCBuildConfiguration;
			buildSettings = {
				ALWAYS_SEARCH_USER_PATHS = NO;
				CLANG_ANALYZER_NONNULL = YES;
				CLANG_ANALYZER_NUMBER_OBJECT_CONVERSION = YES_AGGRESSIVE;
				CLANG_CXX_LANGUAGE_STANDARD = "gnu++20";
				CLANG_ENABLE_MODULES = YES;
				CLANG_ENABLE_OBJC_ARC = YES;
				CLANG_ENABLE_OBJC_WEAK = YES;
				CLANG_WARN_BLOCK_CAPTURE_AUTORELEASING = YES;
				CLANG_WARN_BOOL_CONVERSION = YES;
				CLANG_WARN_COMMA = YES;
				CLANG_WARN_CONSTANT_CONVERSION = YES;
				CLANG_WARN_DEPRECATED_OBJC_IMPLEMENTATIONS = YES;
				CLANG_WARN_DIRECT_OBJC_ISA_USAGE = YES_ERROR;
				CLANG_WARN_DOCUMENTATION_COMMENTS = YES;
				CLANG_WARN_EMPTY_BODY = YES;
				CLANG_WARN_ENUM_CONVERSION = YES;
				CLANG_WARN_INFINITE_RECURSION = YES;
				CLANG_WARN_INT_CONVERSION = YES;
				CLANG_WARN_NON_LITERAL_NULL_CONVERSION = YES;
				CLANG_WARN_OBJC_IMPLICIT_RETAIN_SELF = YES;
				CLANG_WARN_OBJC_LITERAL_CONVERSION = YES;
				CLANG_WARN_OBJC_ROOT_CLASS = YES_ERROR;
				CLANG_WARN_QUOTED_INCLUDE_IN_FRAMEWORK_HEADER = YES;
				CLANG_WARN_RANGE_LOOP_ANALYSIS = YES;
				CLANG_WARN_STRICT_PROTOTYPES = YES;
				CLANG_WARN_SUSPICIOUS_MOVE = YES;
				CLANG_WARN_UNGUARDED_AVAILABILITY = YES_AGGRESSIVE;
				CLANG_WARN_UNREACHABLE_CODE = YES;
				CLANG_WARN__DUPLICATE_METHOD_MATCH = YES;
				COPY_PHASE_STRIP = NO;
				DEBUG_INFORMATION_FORMAT = "dwarf-with-dsym";
				ENABLE_NS_ASSERTIONS = NO;
				ENABLE_STRICT_OBJC_MSGSEND = YES;
				GCC_C_LANGUAGE_STANDARD = gnu11;
				GCC_NO_COMMON_BLOCKS = YES;
				GCC_WARN_64_TO_32_BIT_CONVERSION = YES;
				GCC_WARN_ABOUT_RETURN_TYPE = YES_ERROR;
				GCC_WARN_UNDECLARED_SELECTOR = YES;
				GCC_WARN_UNINITIALIZED_AUTOS = YES_AGGRESSIVE;
				GCC_WARN_UNUSED_FUNCTION = YES;
				GCC_WARN_UNUSED_VARIABLE = YES;
				MACOSX_DEPLOYMENT_TARGET = 13.0;
				MTL_ENABLE_DEBUG_INFO = NO;
				MTL_FAST_MATH = YES;
				SDKROOT = macosx;
				SWIFT_COMPILATION_MODE = wholemodule;
				SWIFT_OPTIMIZATION_LEVEL = "-O";
			};
			name = Release;
		};
		BF58240929FF18B700D5CD05 /* Debug */ = {
			isa = XCBuildConfiguration;
			buildSettings = {
				ASSETCATALOG_COMPILER_APPICON_NAME = AppIcon;
				ASSETCATALOG_COMPILER_GLOBAL_ACCENT_COLOR_NAME = AccentColor;
				CODE_SIGN_ENTITLEMENTS = Ink_Simulation/Ink_Simulation.entitlements;
				CODE_SIGN_STYLE = Automatic;
				COMBINE_HIDPI_IMAGES = YES;
				CURRENT_PROJECT_VERSION = 1;
				DEVELOPMENT_ASSET_PATHS = "\"Ink_Simulation/Preview Content\"";
				DEVELOPMENT_TEAM = KY7654Q8SW;
				ENABLE_HARDENED_RUNTIME = YES;
				ENABLE_PREVIEWS = YES;
				GENERATE_INFOPLIST_FILE = YES;
				INFOPLIST_KEY_NSHumanReadableCopyright = "";
				LD_RUNPATH_SEARCH_PATHS = (
					"$(inherited)",
					"@executable_path/../Frameworks",
				);
				MARKETING_VERSION = 1.0;
				PRODUCT_BUNDLE_IDENTIFIER = "helenhuang.Ink-Simulation";
				PRODUCT_NAME = "$(TARGET_NAME)";
				SWIFT_EMIT_LOC_STRINGS = YES;
				SWIFT_OBJC_BRIDGING_HEADER = Ink_Simulation/Types.h;
				SWIFT_VERSION = 5.0;
			};
			name = Debug;
		};
		BF58240A29FF18B700D5CD05 /* Release */ = {
			isa = XCBuildConfiguration;
			buildSettings = {
				ASSETCATALOG_COMPILER_APPICON_NAME = AppIcon;
				ASSETCATALOG_COMPILER_GLOBAL_ACCENT_COLOR_NAME = AccentColor;
				CODE_SIGN_ENTITLEMENTS = Ink_Simulation/Ink_Simulation.entitlements;
				CODE_SIGN_STYLE = Automatic;
				COMBINE_HIDPI_IMAGES = YES;
				CURRENT_PROJECT_VERSION = 1;
				DEVELOPMENT_ASSET_PATHS = "\"Ink_Simulation/Preview Content\"";
				DEVELOPMENT_TEAM = KY7654Q8SW;
				ENABLE_HARDENED_RUNTIME = YES;
				ENABLE_PREVIEWS = YES;
				GENERATE_INFOPLIST_FILE = YES;
				INFOPLIST_KEY_NSHumanReadableCopyright = "";
				LD_RUNPATH_SEARCH_PATHS = (
					"$(inherited)",
					"@executable_path/../Frameworks",
				);
				MARKETING_VERSION = 1.0;
				PRODUCT_BUNDLE_IDENTIFIER = "helenhuang.Ink-Simulation";
				PRODUCT_NAME = "$(TARGET_NAME)";
				SWIFT_EMIT_LOC_STRINGS = YES;
				SWIFT_OBJC_BRIDGING_HEADER = Ink_Simulation/Types.h;
				SWIFT_VERSION = 5.0;
			};
			name = Release;
		};
/* End XCBuildConfiguration section */

/* Begin XCConfigurationList section */
		BF5823F429FF18B600D5CD05 /* Build configuration list for PBXProject "Ink_Simulation" */ = {
			isa = XCConfigurationList;
			buildConfigurations = (
				BF58240629FF18B700D5CD05 /* Debug */,
				BF58240729FF18B700D5CD05 /* Release */,
			);
			defaultConfigurationIsVisible = 0;
			defaultConfigurationName = Release;
		};
		BF58240829FF18B700D5CD05 /* Build configuration list for PBXNativeTarget "Ink_Simulation" */ = {
			isa = XCConfigurationList;
			buildConfigurations = (
				BF58240929FF18B700D5CD05 /* Debug */,
				BF58240A29FF18B700D5CD05 /* Release */,
			);
			defaultConfigurationIsVisible = 0;
			defaultConfigurationName = Release;
		};
/* End XCConfigurationList section */
	};
	rootObject = BF5823F129FF18B600D5CD05 /* Project object */;
}
